
Microsoft Visual Studio Solution File, Format Version 12.00
# Visual Studio Version 17
VisualStudioVersion = 17.4.33213.308
MinimumVisualStudioVersion = 10.0.40219.1
Project("{9A19103F-16F7-4668-BE54-9A1E7A4F7556}") = "RomanNumbersCalculator", "RomanNumbersCalculator\RomanNumbersCalculator.csproj", "{25216147-22DF-4B55-8CE0-B3BE9FD572DC}"
EndProject
Project("{FAE04EC0-301F-11D3-BF4B-00C04F79EFBC}") = "UITestsForRomanNumbersCalculator", "UITestsForRomanNumbersCalculator\UITestsForRomanNumbersCalculator.csproj", "{FF959FEE-BACC-4E72-A2CA-26582737963D}"
EndProject
Global
	GlobalSection(SolutionConfigurationPlatforms) = preSolution
		Debug|Any CPU = Debug|Any CPU
		Release|Any CPU = Release|Any CPU
	EndGlobalSection
	GlobalSection(ProjectConfigurationPlatforms) = postSolution
		{25216147-22DF-4B55-8CE0-B3BE9FD572DC}.Debug|Any CPU.ActiveCfg = Debug|Any CPU
		{25216147-22DF-4B55-8CE0-B3BE9FD572DC}.Debug|Any CPU.Build.0 = Debug|Any CPU
		{25216147-22DF-4B55-8CE0-B3BE9FD572DC}.Release|Any CPU.ActiveCfg = Release|Any CPU
		{25216147-22DF-4B55-8CE0-B3BE9FD572DC}.Release|Any CPU.Build.0 = Release|Any CPU
		{FF959FEE-BACC-4E72-A2CA-26582737963D}.Debug|Any CPU.ActiveCfg = Debug|Any CPU
		{FF959FEE-BACC-4E72-A2CA-26582737963D}.Debug|Any CPU.Build.0 = Debug|Any CPU
		{FF959FEE-BACC-4E72-A2CA-26582737963D}.Release|Any CPU.ActiveCfg = Release|Any CPU
		{FF959FEE-BACC-4E72-A2CA-26582737963D}.Release|Any CPU.Build.0 = Release|Any CPU
	EndGlobalSection
	GlobalSection(SolutionProperties) = preSolution
		HideSolutionNode = FALSE
	EndGlobalSection
	GlobalSection(ExtensibilityGlobals) = postSolution
		SolutionGuid = {85E81F15-08A1-4AC7-93CA-0975FEAE36AD}
	EndGlobalSection
EndGlobal
